Microsoft Visual Studio Solution File, Format Version 11.00
# Visual Studio 2008

Project("{171D7741-533C-E7C1-21D0-9941C81A5903}") = "wwfighter", "Assembly-CSharp.csproj", "{6394C17E-1D40-5731-CFD7-3A2A7899A1A3}"
EndProject
Project("{171D7741-533C-E7C1-21D0-9941C81A5903}") = "wwfighter", "Assembly-UnityScript.unityproj", "{2A50B1BB-C2BB-D74B-8C37-76F5B1B57F05}"
EndProject
Global
	GlobalSection(SolutionConfigurationPlatforms) = preSolution
		Debug|Any CPU = Debug|Any CPU
		Release|Any CPU = Release|Any CPU
	EndGlobalSection
	GlobalSection(ProjectConfigurationPlatforms) = postSolution
		{6394C17E-1D40-5731-CFD7-3A2A7899A1A3}.Debug|Any CPU.ActiveCfg = Debug|Any CPU
		{6394C17E-1D40-5731-CFD7-3A2A7899A1A3}.Debug|Any CPU.Build.0 = Debug|Any CPU
		{6394C17E-1D40-5731-CFD7-3A2A7899A1A3}.Release|Any CPU.ActiveCfg = Release|Any CPU
		{6394C17E-1D40-5731-CFD7-3A2A7899A1A3}.Release|Any CPU.Build.0 = Release|Any CPU
		{2A50B1BB-C2BB-D74B-8C37-76F5B1B57F05}.Debug|Any CPU.ActiveCfg = Debug|Any CPU
		{2A50B1BB-C2BB-D74B-8C37-76F5B1B57F05}.Debug|Any CPU.Build.0 = Debug|Any CPU
		{2A50B1BB-C2BB-D74B-8C37-76F5B1B57F05}.Release|Any CPU.ActiveCfg = Release|Any CPU
		{2A50B1BB-C2BB-D74B-8C37-76F5B1B57F05}.Release|Any CPU.Build.0 = Release|Any CPU
	EndGlobalSection
	GlobalSection(SolutionProperties) = preSolution
		HideSolutionNode = FALSE
	EndGlobalSection
																																																																																														GlobalSection(MonoDevelopProperties) = preSolution
																																																																										GlobalSection(MonoDevelopProperties) = preSolution
																																																																								GlobalSection(MonoDevelopProperties) = preSolution
																															GlobalSection(MonoDevelopProperties) = preSolution
																																																																																														GlobalSection(MonoDevelopProperties) = preSolution
																											GlobalSection(MonoDevelopProperties) = preSolution
												GlobalSection(MonoDevelopProperties) = preSolution
		StartupItem = Assembly-CSharp.csproj
		Policies = $0
		$0.TextStylePolicy = $1
		$1.inheritsSet = null
		$1.scope = text/x-csharp
		$0.CSharpFormattingPolicy = $2
		$2.inheritsSet = Mono
		$2.inheritsScope = text/x-csharp
		$2.scope = text/x-csharp
		$0.TextStylePolicy = $3
		$3.FileWidth = 120
		$3.TabWidth = 4
		$3.EolMarker = Unix
		$3.inheritsSet = Mono
		$3.inheritsScope = text/plain
		$3.scope = text/plain
	EndGlobalSection

EndGlobal
